
Microsoft Visual Studio Solution File, Format Version 11.00
# Visual Studio 2010
Project("{FAE04EC0-301F-11D3-BF4B-00C04F79EFBC}") = "UISlideNotification", "UISlideNotification\UISlideNotification.csproj", "{F8777B10-68A1-4618-8980-7B18B10C90E0}"
EndProject
Project("{FAE04EC0-301F-11D3-BF4B-00C04F79EFBC}") = "UISlideNotification.Demo", "UISlideNotification.Demo\UISlideNotification.Demo.csproj", "{B6B8AAC7-9CBA-41A2-9835-C5DEB107148A}"
EndProject
Global
	GlobalSection(SolutionConfigurationPlatforms) = preSolution
		Debug|Any CPU = Debug|Any CPU
		Release|Any CPU = Release|Any CPU
		Debug|iPhoneSimulator = Debug|iPhoneSimulator
		Release|iPhoneSimulator = Release|iPhoneSimulator
		Debug|iPhone = Debug|iPhone
		Release|iPhone = Release|iPhone
		Ad-Hoc|iPhone = Ad-Hoc|iPhone
		AppStore|iPhone = AppStore|iPhone
	EndGlobalSection
	GlobalSection(ProjectConfigurationPlatforms) = postSolution
		{B6B8AAC7-9CBA-41A2-9835-C5DEB107148A}.Ad-Hoc|iPhone.ActiveCfg = Ad-Hoc|iPhone
		{B6B8AAC7-9CBA-41A2-9835-C5DEB107148A}.Ad-Hoc|iPhone.Build.0 = Ad-Hoc|iPhone
		{B6B8AAC7-9CBA-41A2-9835-C5DEB107148A}.AppStore|iPhone.ActiveCfg = AppStore|iPhone
		{B6B8AAC7-9CBA-41A2-9835-C5DEB107148A}.AppStore|iPhone.Build.0 = AppStore|iPhone
		{B6B8AAC7-9CBA-41A2-9835-C5DEB107148A}.Debug|Any CPU.ActiveCfg = Debug|iPhoneSimulator
		{B6B8AAC7-9CBA-41A2-9835-C5DEB107148A}.Debug|Any CPU.Build.0 = Debug|iPhoneSimulator
		{B6B8AAC7-9CBA-41A2-9835-C5DEB107148A}.Debug|iPhone.ActiveCfg = Debug|iPhone
		{B6B8AAC7-9CBA-41A2-9835-C5DEB107148A}.Debug|iPhone.Build.0 = Debug|iPhone
		{B6B8AAC7-9CBA-41A2-9835-C5DEB107148A}.Debug|iPhoneSimulator.ActiveCfg = Debug|iPhoneSimulator
		{B6B8AAC7-9CBA-41A2-9835-C5DEB107148A}.Debug|iPhoneSimulator.Build.0 = Debug|iPhoneSimulator
		{B6B8AAC7-9CBA-41A2-9835-C5DEB107148A}.Release|Any CPU.ActiveCfg = Release|iPhoneSimulator
		{B6B8AAC7-9CBA-41A2-9835-C5DEB107148A}.Release|Any CPU.Build.0 = Release|iPhoneSimulator
		{B6B8AAC7-9CBA-41A2-9835-C5DEB107148A}.Release|iPhone.ActiveCfg = Release|iPhone
		{B6B8AAC7-9CBA-41A2-9835-C5DEB107148A}.Release|iPhone.Build.0 = Release|iPhone
		{B6B8AAC7-9CBA-41A2-9835-C5DEB107148A}.Release|iPhoneSimulator.ActiveCfg = Release|iPhoneSimulator
		{B6B8AAC7-9CBA-41A2-9835-C5DEB107148A}.Release|iPhoneSimulator.Build.0 = Release|iPhoneSimulator
		{F8777B10-68A1-4618-8980-7B18B10C90E0}.Ad-Hoc|iPhone.ActiveCfg = Debug|Any CPU
		{F8777B10-68A1-4618-8980-7B18B10C90E0}.Ad-Hoc|iPhone.Build.0 = Debug|Any CPU
		{F8777B10-68A1-4618-8980-7B18B10C90E0}.AppStore|iPhone.ActiveCfg = Debug|Any CPU
		{F8777B10-68A1-4618-8980-7B18B10C90E0}.AppStore|iPhone.Build.0 = Debug|Any CPU
		{F8777B10-68A1-4618-8980-7B18B10C90E0}.Debug|Any CPU.ActiveCfg = Debug|Any CPU
		{F8777B10-68A1-4618-8980-7B18B10C90E0}.Debug|Any CPU.Build.0 = Debug|Any CPU
		{F8777B10-68A1-4618-8980-7B18B10C90E0}.Debug|iPhone.ActiveCfg = Debug|Any CPU
		{F8777B10-68A1-4618-8980-7B18B10C90E0}.Debug|iPhone.Build.0 = Debug|Any CPU
		{F8777B10-68A1-4618-8980-7B18B10C90E0}.Debug|iPhoneSimulator.ActiveCfg = Debug|Any CPU
		{F8777B10-68A1-4618-8980-7B18B10C90E0}.Debug|iPhoneSimulator.Build.0 = Debug|Any CPU
		{F8777B10-68A1-4618-8980-7B18B10C90E0}.Release|Any CPU.ActiveCfg = Release|Any CPU
		{F8777B10-68A1-4618-8980-7B18B10C90E0}.Release|Any CPU.Build.0 = Release|Any CPU
		{F8777B10-68A1-4618-8980-7B18B10C90E0}.Release|iPhone.ActiveCfg = Release|Any CPU
		{F8777B10-68A1-4618-8980-7B18B10C90E0}.Release|iPhone.Build.0 = Release|Any CPU
		{F8777B10-68A1-4618-8980-7B18B10C90E0}.Release|iPhoneSimulator.ActiveCfg = Release|Any CPU
		{F8777B10-68A1-4618-8980-7B18B10C90E0}.Release|iPhoneSimulator.Build.0 = Release|Any CPU
	EndGlobalSection
	GlobalSection(MonoDevelopProperties) = preSolution
		StartupItem = UISlideNotification.Demo\UISlideNotification.Demo.csproj
	EndGlobalSection
EndGlobal
